{
  "requires": true,
  "lockfileVersion": 1,
  "dependencies": {
    "miniprogram-api-typings": {
      "version": "2.10.1-1",
      "resolved": "https://registry.npmjs.org/miniprogram-api-typings/-/miniprogram-api-typings-2.10.1-1.tgz",
      "integrity": "sha512-R/LSliUZW6qIl5XWYA3te/8Kzv+AFlZHUlFmdb6BYw54D9Wk6PQRdLOmz9nELO8cOioKAvngpE8B2CIbhRGNOg=="
    }
  }
}
